
Microsoft Visual Studio Solution File, Format Version 12.00
# Visual Studio Version 16
VisualStudioVersion = 16.0.29613.14
MinimumVisualStudioVersion = 10.0.40219.1
Project("{FAE04EC0-301F-11D3-BF4B-00C04F79EFBC}") = "ProyectoTareaListDGV-MamiferosAcuaticos", "ProyectoTareaListDGV-MamiferosAcuaticos.csproj", "{2307AE89-B04F-4345-B715-177D0F569285}"
EndProject
Global
	GlobalSection(SolutionConfigurationPlatforms) = preSolution
		Debug|Any CPU = Debug|Any CPU
		Release|Any CPU = Release|Any CPU
	EndGlobalSection
	GlobalSection(ProjectConfigurationPlatforms) = postSolution
		{2307AE89-B04F-4345-B715-177D0F569285}.Debug|Any CPU.ActiveCfg = Debug|Any CPU
		{2307AE89-B04F-4345-B715-177D0F569285}.Debug|Any CPU.Build.0 = Debug|Any CPU
		{2307AE89-B04F-4345-B715-177D0F569285}.Release|Any CPU.ActiveCfg = Release|Any CPU
		{2307AE89-B04F-4345-B715-177D0F569285}.Release|Any CPU.Build.0 = Release|Any CPU
	EndGlobalSection
	GlobalSection(SolutionProperties) = preSolution
		HideSolutionNode = FALSE
	EndGlobalSection
	GlobalSection(ExtensibilityGlobals) = postSolution
		SolutionGuid = {58FBD713-4636-40B6-A5BD-809055D24FF5}
	EndGlobalSection
EndGlobal
